// !$*UTF8*$!
{
	archiveVersion = 1;
	classes = {
	};
	objectVersion = 56;
	objects = {

/* Begin PBXBuildFile section */
		C11B6A9429E61DB900CD28D3 /* toDoListSwiftIUiApp.swift in Sources */ = {isa = PBXBuildFile; fileRef = C11B6A9329E61DB900CD28D3 /* toDoListSwiftIUiApp.swift */; };
		C11B6A9629E61DB900CD28D3 /* ContentView.swift in Sources */ = {isa = PBXBuildFile; fileRef = C11B6A9529E61DB900CD28D3 /* ContentView.swift */; };
		C11B6A9829E61DBA00CD28D3 /* Assets.xcassets in Resources */ = {isa = PBXBuildFile; fileRef = C11B6A9729E61DBA00CD28D3 /* Assets.xcassets */; };
		C11B6A9B29E61DBA00CD28D3 /* Preview Assets.xcassets in Resources */ = {isa = PBXBuildFile; fileRef = C11B6A9A29E61DBA00CD28D3 /* Preview Assets.xcassets */; };
		C11B6AA529E61DBA00CD28D3 /* toDoListSwiftIUiTests.swift in Sources */ = {isa = PBXBuildFile; fileRef = C11B6AA429E61DBA00CD28D3 /* toDoListSwiftIUiTests.swift */; };
		C11B6AAF29E61DBA00CD28D3 /* toDoListSwiftIUiUITests.swift in Sources */ = {isa = PBXBuildFile; fileRef = C11B6AAE29E61DBA00CD28D3 /* toDoListSwiftIUiUITests.swift */; };
		C11B6AB129E61DBA00CD28D3 /* toDoListSwiftIUiUITestsLaunchTests.swift in Sources */ = {isa = PBXBuildFile; fileRef = C11B6AB029E61DBA00CD28D3 /* toDoListSwiftIUiUITestsLaunchTests.swift */; };
/* End PBXBuildFile section */

/* Begin PBXContainerItemProxy section */
		C11B6AA129E61DBA00CD28D3 /* PBXContainerItemProxy */ = {
			isa = PBXContainerItemProxy;
			containerPortal = C11B6A8829E61DB900CD28D3 /* Project object */;
			proxyType = 1;
			remoteGlobalIDString = C11B6A8F29E61DB900CD28D3;
			remoteInfo = toDoListSwiftIUi;
		};
		C11B6AAB29E61DBA00CD28D3 /* PBXContainerItemProxy */ = {
			isa = PBXContainerItemProxy;
			containerPortal = C11B6A8829E61DB900CD28D3 /* Project object */;
			proxyType = 1;
			remoteGlobalIDString = C11B6A8F29E61DB900CD28D3;
			remoteInfo = toDoListSwiftIUi;
		};
/* End PBXContainerItemProxy section */

/* Begin PBXFileReference section */
		C11B6A9029E61DB900CD28D3 /* toDoListSwiftIUi.app */ = {isa = PBXFileReference; explicitFileType = wrapper.application; includeInIndex = 0; path = toDoListSwiftIUi.app; sourceTree = BUILT_PRODUCTS_DIR; };
		C11B6A9329E61DB900CD28D3 /* toDoListSwiftIUiApp.swift */ = {isa = PBXFileReference; lastKnownFileType = sourcecode.swift; path = toDoListSwiftIUiApp.swift; sourceTree = "<group>"; };
		C11B6A9529E61DB900CD28D3 /* ContentView.swift */ = {isa = PBXFileReference; lastKnownFileType = sourcecode.swift; path = ContentView.swift; sourceTree = "<group>"; };
		C11B6A9729E61DBA00CD28D3 /* Assets.xcassets */ = {isa = PBXFileReference; lastKnownFileType = folder.assetcatalog; path = Assets.xcassets; sourceTree = "<group>"; };
		C11B6A9A29E61DBA00CD28D3 /* Preview Assets.xcassets */ = {isa = PBXFileReference; lastKnownFileType = folder.assetcatalog; path = "Preview Assets.xcassets"; sourceTree = "<group>"; };
		C11B6AA029E61DBA00CD28D3 /* toDoListSwiftIUiTests.xctest */ = {isa = PBXFileReference; explicitFileType = wrapper.cfbundle; includeInIndex = 0; path = toDoListSwiftIUiTests.xctest; sourceTree = BUILT_PRODUCTS_DIR; };
		C11B6AA429E61DBA00CD28D3 /* toDoListSwiftIUiTests.swift */ = {isa = PBXFileReference; lastKnownFileType = sourcecode.swift; path = toDoListSwiftIUiTests.swift; sourceTree = "<group>"; };
		C11B6AAA29E61DBA00CD28D3 /* toDoListSwiftIUiUITests.xctest */ = {isa = PBXFileReference; explicitFileType = wrapper.cfbundle; includeInIndex = 0; path = toDoListSwiftIUiUITests.xctest; sourceTree = BUILT_PRODUCTS_DIR; };
		C11B6AAE29E61DBA00CD28D3 /* toDoListSwiftIUiUITests.swift */ = {isa = PBXFileReference; lastKnownFileType = sourcecode.swift; path = toDoListSwiftIUiUITests.swift; sourceTree = "<group>"; };
		C11B6AB029E61DBA00CD28D3 /* toDoListSwiftIUiUITestsLaunchTests.swift */ = {isa = PBXFileReference; lastKnownFileType = sourcecode.swift; path = toDoListSwiftIUiUITestsLaunchTests.swift; sourceTree = "<group>"; };
/* End PBXFileReference section */

/* Begin PBXFrameworksBuildPhase section */
		C11B6A8D29E61DB900CD28D3 /* Frameworks */ = {
			isa = PBXFrameworksBuildPhase;
			buildActionMask = 2147483647;
			files = (
			);
			runOnlyForDeploymentPostprocessing = 0;
		};
		C11B6A9D29E61DBA00CD28D3 /* Frameworks */ = {
			isa = PBXFrameworksBuildPhase;
			buildActionMask = 2147483647;
			files = (
			);
			runOnlyForDeploymentPostprocessing = 0;
		};
		C11B6AA729E61DBA00CD28D3 /* Frameworks */ = {
			isa = PBXFrameworksBuildPhase;
			buildActionMask = 2147483647;
			files = (
			);
			runOnlyForDeploymentPostprocessing = 0;
		};
/* End PBXFrameworksBuildPhase section */

/* Begin PBXGroup section */
		C11B6A8729E61DB900CD28D3 = {
			isa = PBXGroup;
			children = (
				C11B6A9229E61DB900CD28D3 /* toDoListSwiftIUi */,
				C11B6AA329E61DBA00CD28D3 /* toDoListSwiftIUiTests */,
				C11B6AAD29E61DBA00CD28D3 /* toDoListSwiftIUiUITests */,
				C11B6A9129E61DB900CD28D3 /* Products */,
			);
			sourceTree = "<group>";
		};
		C11B6A9129E61DB900CD28D3 /* Products */ = {
			isa = PBXGroup;
			children = (
				C11B6A9029E61DB900CD28D3 /* toDoListSwiftIUi.app */,
				C11B6AA029E61DBA00CD28D3 /* toDoListSwiftIUiTests.xctest */,
				C11B6AAA29E61DBA00CD28D3 /* toDoListSwiftIUiUITests.xctest */,
			);
			name = Products;
			sourceTree = "<group>";
		};
		C11B6A9229E61DB900CD28D3 /* toDoListSwiftIUi */ = {
			isa = PBXGroup;
			children = (
				C11B6A9329E61DB900CD28D3 /* toDoListSwiftIUiApp.swift */,
				C11B6A9529E61DB900CD28D3 /* ContentView.swift */,
				C11B6A9729E61DBA00CD28D3 /* Assets.xcassets */,
				C11B6A9929E61DBA00CD28D3 /* Preview Content */,
			);
			path = toDoListSwiftIUi;
			sourceTree = "<group>";
		};
		C11B6A9929E61DBA00CD28D3 /* Preview Content */ = {
			isa = PBXGroup;
			children = (
				C11B6A9A29E61DBA00CD28D3 /* Preview Assets.xcassets */,
			);
			path = "Preview Content";
			sourceTree = "<group>";
		};
		C11B6AA329E61DBA00CD28D3 /* toDoListSwiftIUiTests */ = {
			isa = PBXGroup;
			children = (
				C11B6AA429E61DBA00CD28D3 /* toDoListSwiftIUiTests.swift */,
			);
			path = toDoListSwiftIUiTests;
			sourceTree = "<group>";
		};
		C11B6AAD29E61DBA00CD28D3 /* toDoListSwiftIUiUITests */ = {
			isa = PBXGroup;
			children = (
				C11B6AAE29E61DBA00CD28D3 /* toDoListSwiftIUiUITests.swift */,
				C11B6AB029E61DBA00CD28D3 /* toDoListSwiftIUiUITestsLaunchTests.swift */,
			);
			path = toDoListSwiftIUiUITests;
			sourceTree = "<group>";
		};
/* End PBXGroup section */

/* Begin PBXNativeTarget section */
		C11B6A8F29E61DB900CD28D3 /* toDoListSwiftIUi */ = {
			isa = PBXNativeTarget;
			buildConfigurationList = C11B6AB429E61DBA00CD28D3 /* Build configuration list for PBXNativeTarget "toDoListSwiftIUi" */;
			buildPhases = (
				C11B6A8C29E61DB900CD28D3 /* Sources */,
				C11B6A8D29E61DB900CD28D3 /* Frameworks */,
				C11B6A8E29E61DB900CD28D3 /* Resources */,
			);
			buildRules = (
			);
			dependencies = (
			);
			name = toDoListSwiftIUi;
			productName = toDoListSwiftIUi;
			productReference = C11B6A9029E61DB900CD28D3 /* toDoListSwiftIUi.app */;
			productType = "com.apple.product-type.application";
		};
		C11B6A9F29E61DBA00CD28D3 /* toDoListSwiftIUiTests */ = {
			isa = PBXNativeTarget;
			buildConfigurationList = C11B6AB729E61DBA00CD28D3 /* Build configuration list for PBXNativeTarget "toDoListSwiftIUiTests" */;
			buildPhases = (
				C11B6A9C29E61DBA00CD28D3 /* Sources */,
				C11B6A9D29E61DBA00CD28D3 /* Frameworks */,
				C11B6A9E29E61DBA00CD28D3 /* Resources */,
			);
			buildRules = (
			);
			dependencies = (
				C11B6AA229E61DBA00CD28D3 /* PBXTargetDependency */,
			);
			name = toDoListSwiftIUiTests;
			productName = toDoListSwiftIUiTests;
			productReference = C11B6AA029E61DBA00CD28D3 /* toDoListSwiftIUiTests.xctest */;
			productType = "com.apple.product-type.bundle.unit-test";
		};
		C11B6AA929E61DBA00CD28D3 /* toDoListSwiftIUiUITests */ = {
			isa = PBXNativeTarget;
			buildConfigurationList = C11B6ABA29E61DBA00CD28D3 /* Build configuration list for PBXNativeTarget "toDoListSwiftIUiUITests" */;
			buildPhases = (
				C11B6AA629E61DBA00CD28D3 /* Sources */,
				C11B6AA729E61DBA00CD28D3 /* Frameworks */,
				C11B6AA829E61DBA00CD28D3 /* Resources */,
			);
			buildRules = (
			);
			dependencies = (
				C11B6AAC29E61DBA00CD28D3 /* PBXTargetDependency */,
			);
			name = toDoListSwiftIUiUITests;
			productName = toDoListSwiftIUiUITests;
			productReference = C11B6AAA29E61DBA00CD28D3 /* toDoListSwiftIUiUITests.xctest */;
			productType = "com.apple.product-type.bundle.ui-testing";
		};
/* End PBXNativeTarget section */

/* Begin PBXProject section */
		C11B6A8829E61DB900CD28D3 /* Project object */ = {
			isa = PBXProject;
			attributes = {
				BuildIndependentTargetsInParallel = 1;
				LastSwiftUpdateCheck = 1430;
				LastUpgradeCheck = 1430;
				TargetAttributes = {
					C11B6A8F29E61DB900CD28D3 = {
						CreatedOnToolsVersion = 14.3;
					};
					C11B6A9F29E61DBA00CD28D3 = {
						CreatedOnToolsVersion = 14.3;
						TestTargetID = C11B6A8F29E61DB900CD28D3;
					};
					C11B6AA929E61DBA00CD28D3 = {
						CreatedOnToolsVersion = 14.3;
						TestTargetID = C11B6A8F29E61DB900CD28D3;
					};
				};
			};
			buildConfigurationList = C11B6A8B29E61DB900CD28D3 /* Build configuration list for PBXProject "toDoListSwiftIUi" */;
			compatibilityVersion = "Xcode 14.0";
			developmentRegion = en;
			hasScannedForEncodings = 0;
			knownRegions = (
				en,
				Base,
			);
			mainGroup = C11B6A8729E61DB900CD28D3;
			productRefGroup = C11B6A9129E61DB900CD28D3 /* Products */;
			projectDirPath = "";
			projectRoot = "";
			targets = (
				C11B6A8F29E61DB900CD28D3 /* toDoListSwiftIUi */,
				C11B6A9F29E61DBA00CD28D3 /* toDoListSwiftIUiTests */,
				C11B6AA929E61DBA00CD28D3 /* toDoListSwiftIUiUITests */,
			);
		};
/* End PBXProject section */

/* Begin PBXResourcesBuildPhase section */
		C11B6A8E29E61DB900CD28D3 /* Resources */ = {
			isa = PBXResourcesBuildPhase;
			buildActionMask = 2147483647;
			files = (
				C11B6A9B29E61DBA00CD28D3 /* Preview Assets.xcassets in Resources */,
				C11B6A9829E61DBA00CD28D3 /* Assets.xcassets in Resources */,
			);
			runOnlyForDeploymentPostprocessing = 0;
		};
		C11B6A9E29E61DBA00CD28D3 /* Resources */ = {
			isa = PBXResourcesBuildPhase;
			buildActionMask = 2147483647;
			files = (
			);
			runOnlyForDeploymentPostprocessing = 0;
		};
		C11B6AA829E61DBA00CD28D3 /* Resources */ = {
			isa = PBXResourcesBuildPhase;
			buildActionMask = 2147483647;
			files = (
			);
			runOnlyForDeploymentPostprocessing = 0;
		};
/* End PBXResourcesBuildPhase section */

/* Begin PBXSourcesBuildPhase section */
		C11B6A8C29E61DB900CD28D3 /* Sources */ = {
			isa = PBXSourcesBuildPhase;
			buildActionMask = 2147483647;
			files = (
				C11B6A9629E61DB900CD28D3 /* ContentView.swift in Sources */,
				C11B6A9429E61DB900CD28D3 /* toDoListSwiftIUiApp.swift in Sources */,
			);
			runOnlyForDeploymentPostprocessing = 0;
		};
		C11B6A9C29E61DBA00CD28D3 /* Sources */ = {
			isa = PBXSourcesBuildPhase;
			buildActionMask = 2147483647;
			files = (
				C11B6AA529E61DBA00CD28D3 /* toDoListSwiftIUiTests.swift in Sources */,
			);
			runOnlyForDeploymentPostprocessing = 0;
		};
		C11B6AA629E61DBA00CD28D3 /* Sources */ = {
			isa = PBXSourcesBuildPhase;
			buildActionMask = 2147483647;
			files = (
				C11B6AB129E61DBA00CD28D3 /* toDoListSwiftIUiUITestsLaunchTests.swift in Sources */,
				C11B6AAF29E61DBA00CD28D3 /* toDoListSwiftIUiUITests.swift in Sources */,
			);
			runOnlyForDeploymentPostprocessing = 0;
		};
/* End PBXSourcesBuildPhase section */

/* Begin PBXTargetDependency section */
		C11B6AA229E61DBA00CD28D3 /* PBXTargetDependency */ = {
			isa = PBXTargetDependency;
			target = C11B6A8F29E61DB900CD28D3 /* toDoListSwiftIUi */;
			targetProxy = C11B6AA129E61DBA00CD28D3 /* PBXContainerItemProxy */;
		};
		C11B6AAC29E61DBA00CD28D3 /* PBXTargetDependency */ = {
			isa = PBXTargetDependency;
			target = C11B6A8F29E61DB900CD28D3 /* toDoListSwiftIUi */;
			targetProxy = C11B6AAB29E61DBA00CD28D3 /* PBXContainerItemProxy */;
		};
/* End PBXTargetDependency section */

/* Begin XCBuildConfiguration section */
		C11B6AB229E61DBA00CD28D3 /* Debug */ = {
			isa = XCBuildConfiguration;
			buildSettings = {
				ALWAYS_SEARCH_USER_PATHS = NO;
				CLANG_ANALYZER_NONNULL = YES;
				CLANG_ANALYZER_NUMBER_OBJECT_CONVERSION = YES_AGGRESSIVE;
				CLANG_CXX_LANGUAGE_STANDARD = "gnu++20";
				CLANG_ENABLE_MODULES = YES;
				CLANG_ENABLE_OBJC_ARC = YES;
				CLANG_ENABLE_OBJC_WEAK = YES;
				CLANG_WARN_BLOCK_CAPTURE_AUTORELEASING = YES;
				CLANG_WARN_BOOL_CONVERSION = YES;
				CLANG_WARN_COMMA = YES;
				CLANG_WARN_CONSTANT_CONVERSION = YES;
				CLANG_WARN_DEPRECATED_OBJC_IMPLEMENTATIONS = YES;
				CLANG_WARN_DIRECT_OBJC_ISA_USAGE = YES_ERROR;
				CLANG_WARN_DOCUMENTATION_COMMENTS = YES;
				CLANG_WARN_EMPTY_BODY = YES;
				CLANG_WARN_ENUM_CONVERSION = YES;
				CLANG_WARN_INFINITE_RECURSION = YES;
				CLANG_WARN_INT_CONVERSION = YES;
				CLANG_WARN_NON_LITERAL_NULL_CONVERSION = YES;
				CLANG_WARN_OBJC_IMPLICIT_RETAIN_SELF = YES;
				CLANG_WARN_OBJC_LITERAL_CONVERSION = YES;
				CLANG_WARN_OBJC_ROOT_CLASS = YES_ERROR;
				CLANG_WARN_QUOTED_INCLUDE_IN_FRAMEWORK_HEADER = YES;
				CLANG_WARN_RANGE_LOOP_ANALYSIS = YES;
				CLANG_WARN_STRICT_PROTOTYPES = YES;
				CLANG_WARN_SUSPICIOUS_MOVE = YES;
				CLANG_WARN_UNGUARDED_AVAILABILITY = YES_AGGRESSIVE;
				CLANG_WARN_UNREACHABLE_CODE = YES;
				CLANG_WARN__DUPLICATE_METHOD_MATCH = YES;
				COPY_PHASE_STRIP = NO;
				DEBUG_INFORMATION_FORMAT = dwarf;
				ENABLE_STRICT_OBJC_MSGSEND = YES;
				ENABLE_TESTABILITY = YES;
				GCC_C_LANGUAGE_STANDARD = gnu11;
				GCC_DYNAMIC_NO_PIC = NO;
				GCC_NO_COMMON_BLOCKS = YES;
				GCC_OPTIMIZATION_LEVEL = 0;
				GCC_PREPROCESSOR_DEFINITIONS = (
					"DEBUG=1",
					"$(inherited)",
				);
				GCC_WARN_64_TO_32_BIT_CONVERSION = YES;
				GCC_WARN_ABOUT_RETURN_TYPE = YES_ERROR;
				GCC_WARN_UNDECLARED_SELECTOR = YES;
				GCC_WARN_UNINITIALIZED_AUTOS = YES_AGGRESSIVE;
				GCC_WARN_UNUSED_FUNCTION = YES;
				GCC_WARN_UNUSED_VARIABLE = YES;
				IPHONEOS_DEPLOYMENT_TARGET = 16.4;
				MTL_ENABLE_DEBUG_INFO = INCLUDE_SOURCE;
				MTL_FAST_MATH = YES;
				ONLY_ACTIVE_ARCH = YES;
				SDKROOT = iphoneos;
				SWIFT_ACTIVE_COMPILATION_CONDITIONS = DEBUG;
				SWIFT_OPTIMIZATION_LEVEL = "-Onone";
			};
			name = Debug;
		};
		C11B6AB329E61DBA00CD28D3 /* Release */ = {
			isa = XCBuildConfiguration;
			buildSettings = {
				ALWAYS_SEARCH_USER_PATHS = NO;
				CLANG_ANALYZER_NONNULL = YES;
				CLANG_ANALYZER_NUMBER_OBJECT_CONVERSION = YES_AGGRESSIVE;
				CLANG_CXX_LANGUAGE_STANDARD = "gnu++20";
				CLANG_ENABLE_MODULES = YES;
				CLANG_ENABLE_OBJC_ARC = YES;
				CLANG_ENABLE_OBJC_WEAK = YES;
				CLANG_WARN_BLOCK_CAPTURE_AUTORELEASING = YES;
				CLANG_WARN_BOOL_CONVERSION = YES;
				CLANG_WARN_COMMA = YES;
				CLANG_WARN_CONSTANT_CONVERSION = YES;
				CLANG_WARN_DEPRECATED_OBJC_IMPLEMENTATIONS = YES;
				CLANG_WARN_DIRECT_OBJC_ISA_USAGE = YES_ERROR;
				CLANG_WARN_DOCUMENTATION_COMMENTS = YES;
				CLANG_WARN_EMPTY_BODY = YES;
				CLANG_WARN_ENUM_CONVERSION = YES;
				CLANG_WARN_INFINITE_RECURSION = YES;
				CLANG_WARN_INT_CONVERSION = YES;
				CLANG_WARN_NON_LITERAL_NULL_CONVERSION = YES;
				CLANG_WARN_OBJC_IMPLICIT_RETAIN_SELF = YES;
				CLANG_WARN_OBJC_LITERAL_CONVERSION = YES;
				CLANG_WARN_OBJC_ROOT_CLASS = YES_ERROR;
				CLANG_WARN_QUOTED_INCLUDE_IN_FRAMEWORK_HEADER = YES;
				CLANG_WARN_RANGE_LOOP_ANALYSIS = YES;
				CLANG_WARN_STRICT_PROTOTYPES = YES;
				CLANG_WARN_SUSPICIOUS_MOVE = YES;
				CLANG_WARN_UNGUARDED_AVAILABILITY = YES_AGGRESSIVE;
				CLANG_WARN_UNREACHABLE_CODE = YES;
				CLANG_WARN__DUPLICATE_METHOD_MATCH = YES;
				COPY_PHASE_STRIP = NO;
				DEBUG_INFORMATION_FORMAT = "dwarf-with-dsym";
				ENABLE_NS_ASSERTIONS = NO;
				ENABLE_STRICT_OBJC_MSGSEND = YES;
				GCC_C_LANGUAGE_STANDARD = gnu11;
				GCC_NO_COMMON_BLOCKS = YES;
				GCC_WARN_64_TO_32_BIT_CONVERSION = YES;
				GCC_WARN_ABOUT_RETURN_TYPE = YES_ERROR;
				GCC_WARN_UNDECLARED_SELECTOR = YES;
				GCC_WARN_UNINITIALIZED_AUTOS = YES_AGGRESSIVE;
				GCC_WARN_UNUSED_FUNCTION = YES;
				GCC_WARN_UNUSED_VARIABLE = YES;
				IPHONEOS_DEPLOYMENT_TARGET = 16.4;
				MTL_ENABLE_DEBUG_INFO = NO;
				MTL_FAST_MATH = YES;
				SDKROOT = iphoneos;
				SWIFT_COMPILATION_MODE = wholemodule;
				SWIFT_OPTIMIZATION_LEVEL = "-O";
				VALIDATE_PRODUCT = YES;
			};
			name = Release;
		};
		C11B6AB529E61DBA00CD28D3 /* Debug */ = {
			isa = XCBuildConfiguration;
			buildSettings = {
				ASSETCATALOG_COMPILER_APPICON_NAME = AppIcon;
				ASSETCATALOG_COMPILER_GLOBAL_ACCENT_COLOR_NAME = AccentColor;
				CODE_SIGN_STYLE = Automatic;
				CURRENT_PROJECT_VERSION = 1;
				DEVELOPMENT_ASSET_PATHS = "\"toDoListSwiftIUi/Preview Content\"";
				DEVELOPMENT_TEAM = HHJ6CV5DWU;
				ENABLE_PREVIEWS = YES;
				GENERATE_INFOPLIST_FILE = YES;
				INFOPLIST_KEY_UIApplicationSceneManifest_Generation = YES;
				INFOPLIST_KEY_UIApplicationSupportsIndirectInputEvents = YES;
				INFOPLIST_KEY_UILaunchScreen_Generation = YES;
				INFOPLIST_KEY_UISupportedInterfaceOrientations_iPad = "UIInterfaceOrientationPortrait UIInterfaceOrientationPortraitUpsideDown UIInterfaceOrientationLandscapeLeft UIInterfaceOrientationLandscapeRight";
				INFOPLIST_KEY_UISupportedInterfaceOrientations_iPhone = "UIInterfaceOrientationPortrait UIInterfaceOrientationLandscapeLeft UIInterfaceOrientationLandscapeRight";
				LD_RUNPATH_SEARCH_PATHS = (
					"$(inherited)",
					"@executable_path/Frameworks",
				);
				MARKETING_VERSION = 1.0;
				PRODUCT_BUNDLE_IDENTIFIER = clc.toDoListSwiftIUi;
				PRODUCT_NAME = "$(TARGET_NAME)";
				SWIFT_EMIT_LOC_STRINGS = YES;
				SWIFT_VERSION = 5.0;
				TARGETED_DEVICE_FAMILY = "1,2";
			};
			name = Debug;
		};
		C11B6AB629E61DBA00CD28D3 /* Release */ = {
			isa = XCBuildConfiguration;
			buildSettings = {
				ASSETCATALOG_COMPILER_APPICON_NAME = AppIcon;
				ASSETCATALOG_COMPILER_GLOBAL_ACCENT_COLOR_NAME = AccentColor;
				CODE_SIGN_STYLE = Automatic;
				CURRENT_PROJECT_VERSION = 1;
				DEVELOPMENT_ASSET_PATHS = "\"toDoListSwiftIUi/Preview Content\"";
				DEVELOPMENT_TEAM = HHJ6CV5DWU;
				ENABLE_PREVIEWS = YES;
				GENERATE_INFOPLIST_FILE = YES;
				INFOPLIST_KEY_UIApplicationSceneManifest_Generation = YES;
				INFOPLIST_KEY_UIApplicationSupportsIndirectInputEvents = YES;
				INFOPLIST_KEY_UILaunchScreen_Generation = YES;
				INFOPLIST_KEY_UISupportedInterfaceOrientations_iPad = "UIInterfaceOrientationPortrait UIInterfaceOrientationPortraitUpsideDown UIInterfaceOrientationLandscapeLeft UIInterfaceOrientationLandscapeRight";
				INFOPLIST_KEY_UISupportedInterfaceOrientations_iPhone = "UIInterfaceOrientationPortrait UIInterfaceOrientationLandscapeLeft UIInterfaceOrientationLandscapeRight";
				LD_RUNPATH_SEARCH_PATHS = (
					"$(inherited)",
					"@executable_path/Frameworks",
				);
				MARKETING_VERSION = 1.0;
				PRODUCT_BUNDLE_IDENTIFIER = clc.toDoListSwiftIUi;
				PRODUCT_NAME = "$(TARGET_NAME)";
				SWIFT_EMIT_LOC_STRINGS = YES;
				SWIFT_VERSION = 5.0;
				TARGETED_DEVICE_FAMILY = "1,2";
			};
			name = Release;
		};
		C11B6AB829E61DBA00CD28D3 /* Debug */ = {
			isa = XCBuildConfiguration;
			buildSettings = {
				ALWAYS_EMBED_SWIFT_STANDARD_LIBRARIES = YES;
				BUNDLE_LOADER = "$(TEST_HOST)";
				CODE_SIGN_STYLE = Automatic;
				CURRENT_PROJECT_VERSION = 1;
				DEVELOPMENT_TEAM = HHJ6CV5DWU;
				GENERATE_INFOPLIST_FILE = YES;
				IPHONEOS_DEPLOYMENT_TARGET = 16.4;
				MARKETING_VERSION = 1.0;
				PRODUCT_BUNDLE_IDENTIFIER = clc.toDoListSwiftIUiTests;
				PRODUCT_NAME = "$(TARGET_NAME)";
				SWIFT_EMIT_LOC_STRINGS = NO;
				SWIFT_VERSION = 5.0;
				TARGETED_DEVICE_FAMILY = "1,2";
				TEST_HOST = "$(BUILT_PRODUCTS_DIR)/toDoListSwiftIUi.app/$(BUNDLE_EXECUTABLE_FOLDER_PATH)/toDoListSwiftIUi";
			};
			name = Debug;
		};
		C11B6AB929E61DBA00CD28D3 /* Release */ = {
			isa = XCBuildConfiguration;
			buildSettings = {
				ALWAYS_EMBED_SWIFT_STANDARD_LIBRARIES = YES;
				BUNDLE_LOADER = "$(TEST_HOST)";
				CODE_SIGN_STYLE = Automatic;
				CURRENT_PROJECT_VERSION = 1;
				DEVELOPMENT_TEAM = HHJ6CV5DWU;
				GENERATE_INFOPLIST_FILE = YES;
				IPHONEOS_DEPLOYMENT_TARGET = 16.4;
				MARKETING_VERSION = 1.0;
				PRODUCT_BUNDLE_IDENTIFIER = clc.toDoListSwiftIUiTests;
				PRODUCT_NAME = "$(TARGET_NAME)";
				SWIFT_EMIT_LOC_STRINGS = NO;
				SWIFT_VERSION = 5.0;
				TARGETED_DEVICE_FAMILY = "1,2";
				TEST_HOST = "$(BUILT_PRODUCTS_DIR)/toDoListSwiftIUi.app/$(BUNDLE_EXECUTABLE_FOLDER_PATH)/toDoListSwiftIUi";
			};
			name = Release;
		};
		C11B6ABB29E61DBA00CD28D3 /* Debug */ = {
			isa = XCBuildConfiguration;
			buildSettings = {
				ALWAYS_EMBED_SWIFT_STANDARD_LIBRARIES = YES;
				CODE_SIGN_STYLE = Automatic;
				CURRENT_PROJECT_VERSION = 1;
				DEVELOPMENT_TEAM = HHJ6CV5DWU;
				GENERATE_INFOPLIST_FILE = YES;
				MARKETING_VERSION = 1.0;
				PRODUCT_BUNDLE_IDENTIFIER = clc.toDoListSwiftIUiUITests;
				PRODUCT_NAME = "$(TARGET_NAME)";
				SWIFT_EMIT_LOC_STRINGS = NO;
				SWIFT_VERSION = 5.0;
				TARGETED_DEVICE_FAMILY = "1,2";
				TEST_TARGET_NAME = toDoListSwiftIUi;
			};
			name = Debug;
		};
		C11B6ABC29E61DBA00CD28D3 /* Release */ = {
			isa = XCBuildConfiguration;
			buildSettings = {
				ALWAYS_EMBED_SWIFT_STANDARD_LIBRARIES = YES;
				CODE_SIGN_STYLE = Automatic;
				CURRENT_PROJECT_VERSION = 1;
				DEVELOPMENT_TEAM = HHJ6CV5DWU;
				GENERATE_INFOPLIST_FILE = YES;
				MARKETING_VERSION = 1.0;
				PRODUCT_BUNDLE_IDENTIFIER = clc.toDoListSwiftIUiUITests;
				PRODUCT_NAME = "$(TARGET_NAME)";
				SWIFT_EMIT_LOC_STRINGS = NO;
				SWIFT_VERSION = 5.0;
				TARGETED_DEVICE_FAMILY = "1,2";
				TEST_TARGET_NAME = toDoListSwiftIUi;
			};
			name = Release;
		};
/* End XCBuildConfiguration section */

/* Begin XCConfigurationList section */
		C11B6A8B29E61DB900CD28D3 /* Build configuration list for PBXProject "toDoListSwiftIUi" */ = {
			isa = XCConfigurationList;
			buildConfigurations = (
				C11B6AB229E61DBA00CD28D3 /* Debug */,
				C11B6AB329E61DBA00CD28D3 /* Release */,
			);
			defaultConfigurationIsVisible = 0;
			defaultConfigurationName = Release;
		};
		C11B6AB429E61DBA00CD28D3 /* Build configuration list for PBXNativeTarget "toDoListSwiftIUi" */ = {
			isa = XCConfigurationList;
			buildConfigurations = (
				C11B6AB529E61DBA00CD28D3 /* Debug */,
				C11B6AB629E61DBA00CD28D3 /* Release */,
			);
			defaultConfigurationIsVisible = 0;
			defaultConfigurationName = Release;
		};
		C11B6AB729E61DBA00CD28D3 /* Build configuration list for PBXNativeTarget "toDoListSwiftIUiTests" */ = {
			isa = XCConfigurationList;
			buildConfigurations = (
				C11B6AB829E61DBA00CD28D3 /* Debug */,
				C11B6AB929E61DBA00CD28D3 /* Release */,
			);
			defaultConfigurationIsVisible = 0;
			defaultConfigurationName = Release;
		};
		C11B6ABA29E61DBA00CD28D3 /* Build configuration list for PBXNativeTarget "toDoListSwiftIUiUITests" */ = {
			isa = XCConfigurationList;
			buildConfigurations = (
				C11B6ABB29E61DBA00CD28D3 /* Debug */,
				C11B6ABC29E61DBA00CD28D3 /* Release */,
			);
			defaultConfigurationIsVisible = 0;
			defaultConfigurationName = Release;
		};
/* End XCConfigurationList section */
	};
	rootObject = C11B6A8829E61DB900CD28D3 /* Project object */;
}
